#include <windows.h>  
#include <GL/glut.h> 
#include<math.h>

void display1(void) {
    glClearColor(1.0, 1.0, 1.0, 1.0); //BackgroundColor
    glClear(GL_COLOR_BUFFER_BIT);


    //lft rect
    glColor3ub(254, 0, 0);
    glPointSize(8);
    glBegin(GL_LINES);
    glVertex3f(-1.0, 0.0, 0.0);
    glVertex3f(1.0, 0.0, 0.0);


    glColor3ub(21, 255, 0);
    glVertex3f(0.0, -1.0, 0.0);
    glVertex3f(0.0, 1.0, 0.0);



    glColor3f(0.5, 0.0, 0.0);
    glVertex3f(0.0, 0.0, 0.0);



    glColor3f(0.5, 0.0, 0.0);
    glVertex3f(0.2, 0.0, 0.1);


    glColor3f(0.5, 0.0, 0.0);
    glVertex3f(0.4, 0.0, 0.2);



    glColor3f(0.5, 0.0, 0.0);
    glVertex3f(0.6, 0.0, 0.3);



    glColor3f(0.5, 0.0, 0.0);
    glVertex3f(0.8, 0.0, 0.2);



    glColor3f(0.5, 0.0, 0.0);
    glVertex3f(0.1, 0.2, 0.0);


    glColor3f(0.5, 0.0, 0.0);
    glVertex3f(0.2, 0.4, 0.0);




    glColor3f(0.5, 0.0, 0.0);
    glVertex3f(0.3, 0.6, 0.0);



    glColor3f(0.5, 0.0, 0.0);
    glVertex3f(0.5, 0.8, 0.0);




    glColor3f(0.5, 0.0, 0.0);
    glVertex3f(0.0, 0.4, 0.2);




    glColor3f(0.5, 0.0, 0.0);
    glVertex3f(0.7, 0.0, 0.4);




    glColor3f(0.5, 0.0, 0.0);
    glVertex3f(0.0, 0.0, 0.6);



    glColor3f(0.5, 0.0, 0.0);
    glVertex3f(0.3, 0.1, 0.6);
    glEnd();

    glFlush();
}

int main(int argc, char** argv) {
    glutInit(&argc, argv);
    glutCreateWindow("EX20: LINES + GIT");
    glutInitWindowSize(650, 5500);
    glutDisplayFunc(display1);
    glutMainLoop();
    return 0;
}

// Para poder ver cada linha com mais clareza é só alterar em glColor3f() as "coordenadas",
// assim cada linha ficará com determinada cor, dito isso, todas as 12 estão presentes
